
Microsoft Visual Studio Solution File, Format Version 12.00
# Visual Studio Version 16
VisualStudioVersion = 16.0.31702.278
MinimumVisualStudioVersion = 10.0.40219.1
Project("{FAE04EC0-301F-11D3-BF4B-00C04F79EFBC}") = "GIT", "GIT\GIT.csproj", "{BC1388C3-2617-4380-98BA-62BA74AD3EFE}"
EndProject
Global
	GlobalSection(SolutionConfigurationPlatforms) = preSolution
		Debug|Any CPU = Debug|Any CPU
		Release|Any CPU = Release|Any CPU
	EndGlobalSection
	GlobalSection(ProjectConfigurationPlatforms) = postSolution
		{BC1388C3-2617-4380-98BA-62BA74AD3EFE}.Debug|Any CPU.ActiveCfg = Debug|Any CPU
		{BC1388C3-2617-4380-98BA-62BA74AD3EFE}.Debug|Any CPU.Build.0 = Debug|Any CPU
		{BC1388C3-2617-4380-98BA-62BA74AD3EFE}.Release|Any CPU.ActiveCfg = Release|Any CPU
		{BC1388C3-2617-4380-98BA-62BA74AD3EFE}.Release|Any CPU.Build.0 = Release|Any CPU
	EndGlobalSection
	GlobalSection(SolutionProperties) = preSolution
		HideSolutionNode = FALSE
	EndGlobalSection
	GlobalSection(ExtensibilityGlobals) = postSolution
		SolutionGuid = {3A466156-036D-46E6-AC57-E44789C93E7F}
	EndGlobalSection
EndGlobal
